
Microsoft Visual Studio Solution File, Format Version 11.00
# Visual Basic Express 2010
Project("{F184B08F-C81C-45F6-A57F-5ABD9991F28F}") = "Control de alumnos", "Control de alumnos\Control de alumnos.vbproj", "{CA48478F-B000-4853-8864-3874AC054BE3}"
EndProject
Global
	GlobalSection(SolutionConfigurationPlatforms) = preSolution
		Debug|x86 = Debug|x86
		Release|x86 = Release|x86
	EndGlobalSection
	GlobalSection(ProjectConfigurationPlatforms) = postSolution
		{CA48478F-B000-4853-8864-3874AC054BE3}.Debug|x86.ActiveCfg = Debug|x86
		{CA48478F-B000-4853-8864-3874AC054BE3}.Debug|x86.Build.0 = Debug|x86
		{CA48478F-B000-4853-8864-3874AC054BE3}.Release|x86.ActiveCfg = Release|x86
		{CA48478F-B000-4853-8864-3874AC054BE3}.Release|x86.Build.0 = Release|x86
	EndGlobalSection
	GlobalSection(SolutionProperties) = preSolution
		HideSolutionNode = FALSE
	EndGlobalSection
EndGlobal
